[[package]]
name = "atomicwrites"
version = "1.4.0"
description = "Atomic file writes."
category = "dev"
optional = false
python-versions = ">=2.7, !=3.0.*, !=3.1.*, !=3.2.*, !=3.3.*"

[[package]]
name = "attrs"
version = "21.2.0"
description = "Classes Without Boilerplate"
category = "dev"
optional = false
python-versions = ">=2.7, !=3.0.*, !=3.1.*, !=3.2.*, !=3.3.*, !=3.4.*"

[package.extras]
dev = ["coverage[toml] (>=5.0.2)", "hypothesis", "pympler", "pytest (>=4.3.0)", "six", "mypy", "pytest-mypy-plugins", "zope.interface", "furo", "sphinx", "sphinx-notfound-page", "pre-commit"]
docs = ["furo", "sphinx", "zope.interface", "sphinx-notfound-page"]
tests = ["coverage[toml] (>=5.0.2)", "hypothesis", "pympler", "pytest (>=4.3.0)", "six", "mypy", "pytest-mypy-plugins", "zope.interface"]
tests_no_zope = ["coverage[toml] (>=5.0.2)", "hypothesis", "pympler", "pytest (>=4.3.0)", "six", "mypy", "pytest-mypy-plugins"]

[[package]]
name = "click"
version = "8.0.3"
description = "Composable command line interface toolkit"
category = "main"
optional = false
python-versions = ">=3.6"

[package.dependencies]
colorama = {version = "*", markers = "platform_system == \"Windows\""}

[[package]]
name = "colorama"
version = "0.4.4"
description = "Cross-platform colored terminal text."
category = "main"
optional = false
python-versions = ">=2.7, !=3.0.*, !=3.1.*, !=3.2.*, !=3.3.*, !=3.4.*"

[[package]]
name = "jedi"
version = "0.18.1"
description = "An autocompletion tool for Python that can be used for text editors."
category = "dev"
optional = false
python-versions = ">=3.6"

[package.dependencies]
parso = ">=0.8.0,<0.9.0"

[package.extras]
qa = ["flake8 (==3.8.3)", "mypy (==0.782)"]
testing = ["Django (<3.1)", "colorama", "docopt", "pytest (<7.0.0)"]

[[package]]
name = "more-itertools"
version = "8.12.0"
description = "More routines for operating on iterables, beyond itertools"
category = "dev"
optional = false
python-versions = ">=3.5"

[[package]]
name = "numpy"
version = "1.21.4"
description = "NumPy is the fundamental package for array computing with Python."
category = "main"
optional = false
python-versions = ">=3.7,<3.11"

[[package]]
name = "packaging"
version = "21.3"
description = "Core utilities for Python packages"
category = "dev"
optional = false
python-versions = ">=3.6"

[package.dependencies]
pyparsing = ">=2.0.2,<3.0.5 || >3.0.5"

[[package]]
name = "parso"
version = "0.8.2"
description = "A Python Parser"
category = "dev"
optional = false
python-versions = ">=3.6"

[package.extras]
qa = ["flake8 (==3.8.3)", "mypy (==0.782)"]
testing = ["docopt", "pytest (<6.0.0)"]

[[package]]
name = "pluggy"
version = "0.13.1"
description = "plugin and hook calling mechanisms for python"
category = "dev"
optional = false
python-versions = ">=2.7, !=3.0.*, !=3.1.*, !=3.2.*, !=3.3.*"

[package.extras]
dev = ["pre-commit", "tox"]

[[package]]
name = "pudb"
version = "2021.2.2"
description = "A full-screen, console-based Python debugger"
category = "dev"
optional = false
python-versions = "~=3.6"

[package.dependencies]
jedi = ">=0.18,<1"
pygments = ">=2.7.4"
urwid = ">=1.1.1"
urwid_readline = "*"

[[package]]
name = "py"
version = "1.11.0"
description = "library with cross-python path, ini-parsing, io, code, log facilities"
category = "dev"
optional = false
python-versions = ">=2.7, !=3.0.*, !=3.1.*, !=3.2.*, !=3.3.*, !=3.4.*"

[[package]]
name = "pygments"
version = "2.10.0"
description = "Pygments is a syntax highlighting package written in Python."
category = "dev"
optional = false
python-versions = ">=3.5"

[[package]]
name = "pyparsing"
version = "3.0.6"
description = "Python parsing module"
category = "dev"
optional = false
python-versions = ">=3.6"

[package.extras]
diagrams = ["jinja2", "railroad-diagrams"]

[[package]]
name = "pytest"
version = "5.4.3"
description = "pytest: simple powerful testing with Python"
category = "dev"
optional = false
python-versions = ">=3.5"

[package.dependencies]
atomicwrites = {version = ">=1.0", markers = "sys_platform == \"win32\""}
attrs = ">=17.4.0"
colorama = {version = "*", markers = "sys_platform == \"win32\""}
more-itertools = ">=4.0.0"
packaging = "*"
pluggy = ">=0.12,<1.0"
py = ">=1.5.0"
wcwidth = "*"

[package.extras]
checkqa-mypy = ["mypy (==v0.761)"]
testing = ["argcomplete", "hypothesis (>=3.56)", "mock", "nose", "requests", "xmlschema"]

[[package]]
name = "urwid"
version = "2.1.2"
description = "A full-featured console (xterm et al.) user interface library"
category = "dev"
optional = false
python-versions = "*"

[[package]]
name = "urwid-readline"
version = "0.13"
description = "A textbox edit widget for urwid that supports readline shortcuts"
category = "dev"
optional = false
python-versions = "*"

[package.dependencies]
urwid = "*"

[package.extras]
dev = ["black", "pytest"]

[[package]]
name = "wcwidth"
version = "0.2.5"
description = "Measures the displayed width of unicode strings in a terminal"
category = "dev"
optional = false
python-versions = "*"

[metadata]
lock-version = "1.1"
python-versions = ">=3.9,<3.11"
content-hash = "9d5e4cee3ec95d411649459d7dd2fe9b290f1839cc13ffce1a3bb676927bff3d"

[metadata.files]
atomicwrites = [
    {file = "atomicwrites-1.4.0-py2.py3-none-any.whl", hash = "sha256:6d1784dea7c0c8d4a5172b6c620f40b6e4cbfdf96d783691f2e1302a7b88e197"},
    {file = "atomicwrites-1.4.0.tar.gz", hash = "sha256:ae70396ad1a434f9c7046fd2dd196fc04b12f9e91ffb859164193be8b6168a7a"},
]
attrs = [
    {file = "attrs-21.2.0-py2.py3-none-any.whl", hash = "sha256:149e90d6d8ac20db7a955ad60cf0e6881a3f20d37096140088356da6c716b0b1"},
    {file = "attrs-21.2.0.tar.gz", hash = "sha256:ef6aaac3ca6cd92904cdd0d83f629a15f18053ec84e6432106f7a4d04ae4f5fb"},
]
click = [
    {file = "click-8.0.3-py3-none-any.whl", hash = "sha256:353f466495adaeb40b6b5f592f9f91cb22372351c84caeb068132442a4518ef3"},
    {file = "click-8.0.3.tar.gz", hash = "sha256:410e932b050f5eed773c4cda94de75971c89cdb3155a72a0831139a79e5ecb5b"},
]
colorama = [
    {file = "colorama-0.4.4-py2.py3-none-any.whl", hash = "sha256:9f47eda37229f68eee03b24b9748937c7dc3868f906e8ba69fbcbdd3bc5dc3e2"},
    {file = "colorama-0.4.4.tar.gz", hash = "sha256:5941b2b48a20143d2267e95b1c2a7603ce057ee39fd88e7329b0c292aa16869b"},
]
jedi = [
    {file = "jedi-0.18.1-py2.py3-none-any.whl", hash = "sha256:637c9635fcf47945ceb91cd7f320234a7be540ded6f3e99a50cb6febdfd1ba8d"},
    {file = "jedi-0.18.1.tar.gz", hash = "sha256:74137626a64a99c8eb6ae5832d99b3bdd7d29a3850fe2aa80a4126b2a7d949ab"},
]
more-itertools = [
    {file = "more-itertools-8.12.0.tar.gz", hash = "sha256:7dc6ad46f05f545f900dd59e8dfb4e84a4827b97b3cfecb175ea0c7d247f6064"},
    {file = "more_itertools-8.12.0-py3-none-any.whl", hash = "sha256:43e6dd9942dffd72661a2c4ef383ad7da1e6a3e968a927ad7a6083ab410a688b"},
]
numpy = [
    {file = "numpy-1.21.4-cp310-cp310-macosx_10_9_universal2.whl", hash = "sha256:8890b3360f345e8360133bc078d2dacc2843b6ee6059b568781b15b97acbe39f"},
    {file = "numpy-1.21.4-cp310-cp310-macosx_10_9_x86_64.whl", hash = "sha256:69077388c5a4b997442b843dbdc3a85b420fb693ec8e33020bb24d647c164fa5"},
    {file = "numpy-1.21.4-cp310-cp310-macosx_11_0_arm64.whl", hash = "sha256:e89717274b41ebd568cd7943fc9418eeb49b1785b66031bc8a7f6300463c5898"},
    {file = "numpy-1.21.4-cp310-cp310-manylinux_2_17_aarch64.manylinux2014_aarch64.whl", hash = "sha256:0b78ecfa070460104934e2caf51694ccd00f37d5e5dbe76f021b1b0b0d221823"},
    {file = "numpy-1.21.4-cp310-cp310-manylinux_2_17_x86_64.manylinux2014_x86_64.whl", hash = "sha256:615d4e328af7204c13ae3d4df7615a13ff60a49cb0d9106fde07f541207883ca"},
    {file = "numpy-1.21.4-cp310-cp310-win_amd64.whl", hash = "sha256:1403b4e2181fc72664737d848b60e65150f272fe5a1c1cbc16145ed43884065a"},
    {file = "numpy-1.21.4-cp37-cp37m-macosx_10_9_x86_64.whl", hash = "sha256:74b85a17528ca60cf98381a5e779fc0264b4a88b46025e6bcbe9621f46bb3e63"},
    {file = "numpy-1.21.4-cp37-cp37m-manylinux_2_12_i686.manylinux2010_i686.whl", hash = "sha256:92aafa03da8658609f59f18722b88f0a73a249101169e28415b4fa148caf7e41"},
    {file = "numpy-1.21.4-cp37-cp37m-manylinux_2_12_x86_64.manylinux2010_x86_64.whl", hash = "sha256:5d95668e727c75b3f5088ec7700e260f90ec83f488e4c0aaccb941148b2cd377"},
    {file = "numpy-1.21.4-cp37-cp37m-manylinux_2_17_aarch64.manylinux2014_aarch64.whl", hash = "sha256:f5162ec777ba7138906c9c274353ece5603646c6965570d82905546579573f73"},
    {file = "numpy-1.21.4-cp37-cp37m-win32.whl", hash = "sha256:81225e58ef5fce7f1d80399575576fc5febec79a8a2742e8ef86d7b03beef49f"},
    {file = "numpy-1.21.4-cp37-cp37m-win_amd64.whl", hash = "sha256:32fe5b12061f6446adcbb32cf4060a14741f9c21e15aaee59a207b6ce6423469"},
    {file = "numpy-1.21.4-cp38-cp38-macosx_10_9_universal2.whl", hash = "sha256:c449eb870616a7b62e097982c622d2577b3dbc800aaf8689254ec6e0197cbf1e"},
    {file = "numpy-1.21.4-cp38-cp38-macosx_10_9_x86_64.whl", hash = "sha256:2e4ed57f45f0aa38beca2a03b6532e70e548faf2debbeb3291cfc9b315d9be8f"},
    {file = "numpy-1.21.4-cp38-cp38-macosx_11_0_arm64.whl", hash = "sha256:1247ef28387b7bb7f21caf2dbe4767f4f4175df44d30604d42ad9bd701ebb31f"},
    {file = "numpy-1.21.4-cp38-cp38-manylinux_2_12_i686.manylinux2010_i686.whl", hash = "sha256:34f3456f530ae8b44231c63082c8899fe9c983fd9b108c997c4b1c8c2d435333"},
    {file = "numpy-1.21.4-cp38-cp38-manylinux_2_12_x86_64.manylinux2010_x86_64.whl", hash = "sha256:4c9c23158b87ed0e70d9a50c67e5c0b3f75bcf2581a8e34668d4e9d7474d76c6"},
    {file = "numpy-1.21.4-cp38-cp38-manylinux_2_17_aarch64.manylinux2014_aarch64.whl", hash = "sha256:e4799be6a2d7d3c33699a6f77201836ac975b2e1b98c2a07f66a38f499cb50ce"},
    {file = "numpy-1.21.4-cp38-cp38-win32.whl", hash = "sha256:bc988afcea53e6156546e5b2885b7efab089570783d9d82caf1cfd323b0bb3dd"},
    {file = "numpy-1.21.4-cp38-cp38-win_amd64.whl", hash = "sha256:170b2a0805c6891ca78c1d96ee72e4c3ed1ae0a992c75444b6ab20ff038ba2cd"},
    {file = "numpy-1.21.4-cp39-cp39-macosx_10_9_universal2.whl", hash = "sha256:fde96af889262e85aa033f8ee1d3241e32bf36228318a61f1ace579df4e8170d"},
    {file = "numpy-1.21.4-cp39-cp39-macosx_10_9_x86_64.whl", hash = "sha256:c885bfc07f77e8fee3dc879152ba993732601f1f11de248d4f357f0ffea6a6d4"},
    {file = "numpy-1.21.4-cp39-cp39-macosx_11_0_arm64.whl", hash = "sha256:9e6f5f50d1eff2f2f752b3089a118aee1ea0da63d56c44f3865681009b0af162"},
    {file = "numpy-1.21.4-cp39-cp39-manylinux_2_12_i686.manylinux2010_i686.whl", hash = "sha256:ad010846cdffe7ec27e3f933397f8a8d6c801a48634f419e3d075db27acf5880"},
    {file = "numpy-1.21.4-cp39-cp39-manylinux_2_12_x86_64.manylinux2010_x86_64.whl", hash = "sha256:c74c699b122918a6c4611285cc2cad4a3aafdb135c22a16ec483340ef97d573c"},
    {file = "numpy-1.21.4-cp39-cp39-manylinux_2_17_aarch64.manylinux2014_aarch64.whl", hash = "sha256:9864424631775b0c052f3bd98bc2712d131b3e2cd95d1c0c68b91709170890b0"},
    {file = "numpy-1.21.4-cp39-cp39-win32.whl", hash = "sha256:b1e2312f5b8843a3e4e8224b2b48fe16119617b8fc0a54df8f50098721b5bed2"},
    {file = "numpy-1.21.4-cp39-cp39-win_amd64.whl", hash = "sha256:e3c3e990274444031482a31280bf48674441e0a5b55ddb168f3a6db3e0c38ec8"},
    {file = "numpy-1.21.4-pp37-pypy37_pp73-manylinux_2_12_x86_64.manylinux2010_x86_64.whl", hash = "sha256:a3deb31bc84f2b42584b8c4001c85d1934dbfb4030827110bc36bfd11509b7bf"},
    {file = "numpy-1.21.4.zip", hash = "sha256:e6c76a87633aa3fa16614b61ccedfae45b91df2767cf097aa9c933932a7ed1e0"},
]
packaging = [
    {file = "packaging-21.3-py3-none-any.whl", hash = "sha256:ef103e05f519cdc783ae24ea4e2e0f508a9c99b2d4969652eed6a2e1ea5bd522"},
    {file = "packaging-21.3.tar.gz", hash = "sha256:dd47c42927d89ab911e606518907cc2d3a1f38bbd026385970643f9c5b8ecfeb"},
]
parso = [
    {file = "parso-0.8.2-py2.py3-none-any.whl", hash = "sha256:a8c4922db71e4fdb90e0d0bc6e50f9b273d3397925e5e60a717e719201778d22"},
    {file = "parso-0.8.2.tar.gz", hash = "sha256:12b83492c6239ce32ff5eed6d3639d6a536170723c6f3f1506869f1ace413398"},
]
pluggy = [
    {file = "pluggy-0.13.1-py2.py3-none-any.whl", hash = "sha256:966c145cd83c96502c3c3868f50408687b38434af77734af1e9ca461a4081d2d"},
    {file = "pluggy-0.13.1.tar.gz", hash = "sha256:15b2acde666561e1298d71b523007ed7364de07029219b604cf808bfa1c765b0"},
]
pudb = [
    {file = "pudb-2021.2.2.tar.gz", hash = "sha256:82a524ab4b89d2c701b089071ccc6afa9c8a838504e3d68eb33faa8a8abbe4cb"},
]
py = [
    {file = "py-1.11.0-py2.py3-none-any.whl", hash = "sha256:607c53218732647dff4acdfcd50cb62615cedf612e72d1724fb1a0cc6405b378"},
    {file = "py-1.11.0.tar.gz", hash = "sha256:51c75c4126074b472f746a24399ad32f6053d1b34b68d2fa41e558e6f4a98719"},
]
pygments = [
    {file = "Pygments-2.10.0-py3-none-any.whl", hash = "sha256:b8e67fe6af78f492b3c4b3e2970c0624cbf08beb1e493b2c99b9fa1b67a20380"},
    {file = "Pygments-2.10.0.tar.gz", hash = "sha256:f398865f7eb6874156579fdf36bc840a03cab64d1cde9e93d68f46a425ec52c6"},
]
pyparsing = [
    {file = "pyparsing-3.0.6-py3-none-any.whl", hash = "sha256:04ff808a5b90911829c55c4e26f75fa5ca8a2f5f36aa3a51f68e27033341d3e4"},
    {file = "pyparsing-3.0.6.tar.gz", hash = "sha256:d9bdec0013ef1eb5a84ab39a3b3868911598afa494f5faa038647101504e2b81"},
]
pytest = [
    {file = "pytest-5.4.3-py3-none-any.whl", hash = "sha256:5c0db86b698e8f170ba4582a492248919255fcd4c79b1ee64ace34301fb589a1"},
    {file = "pytest-5.4.3.tar.gz", hash = "sha256:7979331bfcba207414f5e1263b5a0f8f521d0f457318836a7355531ed1a4c7d8"},
]
urwid = [
    {file = "urwid-2.1.2.tar.gz", hash = "sha256:588bee9c1cb208d0906a9f73c613d2bd32c3ed3702012f51efe318a3f2127eae"},
]
urwid-readline = [
    {file = "urwid_readline-0.13.tar.gz", hash = "sha256:018020cbc864bb5ed87be17dc26b069eae2755cb29f3a9c569aac3bded1efaf4"},
]
wcwidth = [
    {file = "wcwidth-0.2.5-py2.py3-none-any.whl", hash = "sha256:beb4802a9cebb9144e99086eff703a642a13d6a0052920003a230f3294bbe784"},
    {file = "wcwidth-0.2.5.tar.gz", hash = "sha256:c4d647b99872929fdb7bdcaa4fbe7f01413ed3d98077df798530e5b04f116c83"},
]
